
Microsoft Visual Studio Solution File, Format Version 12.00
# Visual Studio Version 17
VisualStudioVersion = 17.6.33829.357
MinimumVisualStudioVersion = 10.0.40219.1
Project("{FAE04EC0-301F-11D3-BF4B-00C04F79EFBC}") = "WebApplication3", "WebApplication3\WebApplication3.csproj", "{1A721E49-5BDD-41AD-8655-5C0D6F4DB66F}"
EndProject
Global
	GlobalSection(SolutionConfigurationPlatforms) = preSolution
		Debug|Any CPU = Debug|Any CPU
		Release|Any CPU = Release|Any CPU
	EndGlobalSection
	GlobalSection(ProjectConfigurationPlatforms) = postSolution
		{1A721E49-5BDD-41AD-8655-5C0D6F4DB66F}.Debug|Any CPU.ActiveCfg = Debug|Any CPU
		{1A721E49-5BDD-41AD-8655-5C0D6F4DB66F}.Debug|Any CPU.Build.0 = Debug|Any CPU
		{1A721E49-5BDD-41AD-8655-5C0D6F4DB66F}.Release|Any CPU.ActiveCfg = Release|Any CPU
		{1A721E49-5BDD-41AD-8655-5C0D6F4DB66F}.Release|Any CPU.Build.0 = Release|Any CPU
	EndGlobalSection
	GlobalSection(SolutionProperties) = preSolution
		HideSolutionNode = FALSE
	EndGlobalSection
	GlobalSection(ExtensibilityGlobals) = postSolution
		SolutionGuid = {D564FDB2-47D6-41A9-8727-8494E4A5F2D1}
	EndGlobalSection
EndGlobal
